
Microsoft Visual Studio Solution File, Format Version 12.00
# Visual Studio Version 16
VisualStudioVersion = 16.0.31624.102
MinimumVisualStudioVersion = 10.0.40219.1
Project("{9A19103F-16F7-4668-BE54-9A1E7A4F7556}") = "DataLayer", "DataLayer\DataLayer.csproj", "{7B8BC14F-1E75-4C64-A0D5-5B0D612AAC4D}"
EndProject
Project("{9A19103F-16F7-4668-BE54-9A1E7A4F7556}") = "BusinessLayer", "BusinessLayer\BusinessLayer.csproj", "{EF57D9C8-991F-4635-A546-13F79F21C88B}"
EndProject
Project("{9A19103F-16F7-4668-BE54-9A1E7A4F7556}") = "ReadAPI", "ReadAPI\ReadAPI.csproj", "{811FB9B1-7C66-4E73-9F63-4842705AFCE6}"
EndProject
Project("{9A19103F-16F7-4668-BE54-9A1E7A4F7556}") = "WriteAPI", "WriteAPI\WriteAPI.csproj", "{01070522-5A9B-489B-A6BA-6AA854F85385}"
EndProject
Project("{9A19103F-16F7-4668-BE54-9A1E7A4F7556}") = "DataLayer_Dapper", "DataLayer_Dapper\DataLayer_Dapper.csproj", "{CDA55DFE-0F35-4FE7-9763-415D7602C6AA}"
EndProject
Project("{2150E333-8FDC-42A3-9474-1A3956D46DE8}") = "00 Framework", "00 Framework", "{C94048A6-81B8-425F-93D3-7993D27F73A2}"
EndProject
Project("{2150E333-8FDC-42A3-9474-1A3956D46DE8}") = "01 DAL", "01 DAL", "{1DA8EF23-E3C1-4766-955F-C8B60D9A68EF}"
EndProject
Project("{2150E333-8FDC-42A3-9474-1A3956D46DE8}") = "02 BL", "02 BL", "{C66725A4-7CA2-4C9A-BF13-D5C6495A4010}"
EndProject
Project("{2150E333-8FDC-42A3-9474-1A3956D46DE8}") = "03 API", "03 API", "{F382F422-B050-44BD-A681-95BA7540A584}"
EndProject
Project("{9A19103F-16F7-4668-BE54-9A1E7A4F7556}") = "Overall", "Overall\Overall.csproj", "{656E8D55-2627-4675-8A99-CA55977E1D70}"
EndProject
Project("{9A19103F-16F7-4668-BE54-9A1E7A4F7556}") = "WriteDebugger", "WriteDebugger\WriteDebugger.csproj", "{16CACCB8-9FCA-4F44-AF98-293B122C8C64}"
EndProject
Project("{2150E333-8FDC-42A3-9474-1A3956D46DE8}") = "04 Test", "04 Test", "{5B240BD6-66AD-4A5E-9F65-E4E94ACB8A3F}"
EndProject
Project("{FAE04EC0-301F-11D3-BF4B-00C04F79EFBC}") = "ReadAPITest", "ReadAPITest\ReadAPITest.csproj", "{FD1372DA-84C1-40F8-8A9B-52C1DBFF6107}"
EndProject
Project("{FAE04EC0-301F-11D3-BF4B-00C04F79EFBC}") = "BLTest", "BLTest\BLTest.csproj", "{267978D6-51F6-4ED9-9C50-916611FD81A4}"
EndProject
Global
	GlobalSection(SolutionConfigurationPlatforms) = preSolution
		Debug|Any CPU = Debug|Any CPU
		Release|Any CPU = Release|Any CPU
	EndGlobalSection
	GlobalSection(ProjectConfigurationPlatforms) = postSolution
		{7B8BC14F-1E75-4C64-A0D5-5B0D612AAC4D}.Debug|Any CPU.ActiveCfg = Debug|Any CPU
		{7B8BC14F-1E75-4C64-A0D5-5B0D612AAC4D}.Debug|Any CPU.Build.0 = Debug|Any CPU
		{7B8BC14F-1E75-4C64-A0D5-5B0D612AAC4D}.Release|Any CPU.ActiveCfg = Release|Any CPU
		{7B8BC14F-1E75-4C64-A0D5-5B0D612AAC4D}.Release|Any CPU.Build.0 = Release|Any CPU
		{EF57D9C8-991F-4635-A546-13F79F21C88B}.Debug|Any CPU.ActiveCfg = Debug|Any CPU
		{EF57D9C8-991F-4635-A546-13F79F21C88B}.Debug|Any CPU.Build.0 = Debug|Any CPU
		{EF57D9C8-991F-4635-A546-13F79F21C88B}.Release|Any CPU.ActiveCfg = Release|Any CPU
		{EF57D9C8-991F-4635-A546-13F79F21C88B}.Release|Any CPU.Build.0 = Release|Any CPU
		{811FB9B1-7C66-4E73-9F63-4842705AFCE6}.Debug|Any CPU.ActiveCfg = Debug|Any CPU
		{811FB9B1-7C66-4E73-9F63-4842705AFCE6}.Debug|Any CPU.Build.0 = Debug|Any CPU
		{811FB9B1-7C66-4E73-9F63-4842705AFCE6}.Release|Any CPU.ActiveCfg = Release|Any CPU
		{811FB9B1-7C66-4E73-9F63-4842705AFCE6}.Release|Any CPU.Build.0 = Release|Any CPU
		{01070522-5A9B-489B-A6BA-6AA854F85385}.Debug|Any CPU.ActiveCfg = Debug|Any CPU
		{01070522-5A9B-489B-A6BA-6AA854F85385}.Debug|Any CPU.Build.0 = Debug|Any CPU
		{01070522-5A9B-489B-A6BA-6AA854F85385}.Release|Any CPU.ActiveCfg = Release|Any CPU
		{01070522-5A9B-489B-A6BA-6AA854F85385}.Release|Any CPU.Build.0 = Release|Any CPU
		{CDA55DFE-0F35-4FE7-9763-415D7602C6AA}.Debug|Any CPU.ActiveCfg = Debug|Any CPU
		{CDA55DFE-0F35-4FE7-9763-415D7602C6AA}.Debug|Any CPU.Build.0 = Debug|Any CPU
		{CDA55DFE-0F35-4FE7-9763-415D7602C6AA}.Release|Any CPU.ActiveCfg = Release|Any CPU
		{CDA55DFE-0F35-4FE7-9763-415D7602C6AA}.Release|Any CPU.Build.0 = Release|Any CPU
		{656E8D55-2627-4675-8A99-CA55977E1D70}.Debug|Any CPU.ActiveCfg = Debug|Any CPU
		{656E8D55-2627-4675-8A99-CA55977E1D70}.Debug|Any CPU.Build.0 = Debug|Any CPU
		{656E8D55-2627-4675-8A99-CA55977E1D70}.Release|Any CPU.ActiveCfg = Release|Any CPU
		{656E8D55-2627-4675-8A99-CA55977E1D70}.Release|Any CPU.Build.0 = Release|Any CPU
		{16CACCB8-9FCA-4F44-AF98-293B122C8C64}.Debug|Any CPU.ActiveCfg = Debug|Any CPU
		{16CACCB8-9FCA-4F44-AF98-293B122C8C64}.Debug|Any CPU.Build.0 = Debug|Any CPU
		{16CACCB8-9FCA-4F44-AF98-293B122C8C64}.Release|Any CPU.ActiveCfg = Release|Any CPU
		{16CACCB8-9FCA-4F44-AF98-293B122C8C64}.Release|Any CPU.Build.0 = Release|Any CPU
		{FD1372DA-84C1-40F8-8A9B-52C1DBFF6107}.Debug|Any CPU.ActiveCfg = Debug|Any CPU
		{FD1372DA-84C1-40F8-8A9B-52C1DBFF6107}.Debug|Any CPU.Build.0 = Debug|Any CPU
		{FD1372DA-84C1-40F8-8A9B-52C1DBFF6107}.Release|Any CPU.ActiveCfg = Release|Any CPU
		{FD1372DA-84C1-40F8-8A9B-52C1DBFF6107}.Release|Any CPU.Build.0 = Release|Any CPU
		{267978D6-51F6-4ED9-9C50-916611FD81A4}.Debug|Any CPU.ActiveCfg = Debug|Any CPU
		{267978D6-51F6-4ED9-9C50-916611FD81A4}.Debug|Any CPU.Build.0 = Debug|Any CPU
		{267978D6-51F6-4ED9-9C50-916611FD81A4}.Release|Any CPU.ActiveCfg = Release|Any CPU
		{267978D6-51F6-4ED9-9C50-916611FD81A4}.Release|Any CPU.Build.0 = Release|Any CPU
	EndGlobalSection
	GlobalSection(SolutionProperties) = preSolution
		HideSolutionNode = FALSE
	EndGlobalSection
	GlobalSection(NestedProjects) = preSolution
		{7B8BC14F-1E75-4C64-A0D5-5B0D612AAC4D} = {1DA8EF23-E3C1-4766-955F-C8B60D9A68EF}
		{EF57D9C8-991F-4635-A546-13F79F21C88B} = {C66725A4-7CA2-4C9A-BF13-D5C6495A4010}
		{811FB9B1-7C66-4E73-9F63-4842705AFCE6} = {F382F422-B050-44BD-A681-95BA7540A584}
		{01070522-5A9B-489B-A6BA-6AA854F85385} = {F382F422-B050-44BD-A681-95BA7540A584}
		{CDA55DFE-0F35-4FE7-9763-415D7602C6AA} = {1DA8EF23-E3C1-4766-955F-C8B60D9A68EF}
		{656E8D55-2627-4675-8A99-CA55977E1D70} = {C94048A6-81B8-425F-93D3-7993D27F73A2}
		{16CACCB8-9FCA-4F44-AF98-293B122C8C64} = {C94048A6-81B8-425F-93D3-7993D27F73A2}
		{FD1372DA-84C1-40F8-8A9B-52C1DBFF6107} = {5B240BD6-66AD-4A5E-9F65-E4E94ACB8A3F}
		{267978D6-51F6-4ED9-9C50-916611FD81A4} = {5B240BD6-66AD-4A5E-9F65-E4E94ACB8A3F}
	EndGlobalSection
	GlobalSection(ExtensibilityGlobals) = postSolution
		SolutionGuid = {1909C9B4-0198-4209-8BF8-C4480C6612FF}
	EndGlobalSection
EndGlobal
